
Microsoft Visual Studio Solution File, Format Version 12.00
# Visual Studio Version 17
VisualStudioVersion = 17.9.34728.123
MinimumVisualStudioVersion = 10.0.40219.1
Project("{FAE04EC0-301F-11D3-BF4B-00C04F79EFBC}") = "Tipos", "Tipos.csproj", "{781E77D5-A6FB-4678-9079-C81D3A57B08C}"
EndProject
Global
	GlobalSection(SolutionConfigurationPlatforms) = preSolution
		Debug|Any CPU = Debug|Any CPU
		Release|Any CPU = Release|Any CPU
	EndGlobalSection
	GlobalSection(ProjectConfigurationPlatforms) = postSolution
		{781E77D5-A6FB-4678-9079-C81D3A57B08C}.Debug|Any CPU.ActiveCfg = Debug|Any CPU
		{781E77D5-A6FB-4678-9079-C81D3A57B08C}.Debug|Any CPU.Build.0 = Debug|Any CPU
		{781E77D5-A6FB-4678-9079-C81D3A57B08C}.Release|Any CPU.ActiveCfg = Release|Any CPU
		{781E77D5-A6FB-4678-9079-C81D3A57B08C}.Release|Any CPU.Build.0 = Release|Any CPU
	EndGlobalSection
	GlobalSection(SolutionProperties) = preSolution
		HideSolutionNode = FALSE
	EndGlobalSection
	GlobalSection(ExtensibilityGlobals) = postSolution
		SolutionGuid = {B48966D7-F654-42FE-8FF2-18E5D7413475}
	EndGlobalSection
EndGlobal
